
Microsoft Visual Studio Solution File, Format Version 12.00
# Visual Studio Version 16
VisualStudioVersion = 16.0.31624.102
MinimumVisualStudioVersion = 10.0.40219.1
Project("{FAE04EC0-301F-11D3-BF4B-00C04F79EFBC}") = "DACS", "DACS.csproj", "{3E17ED15-E026-45EA-8E69-AA5F012BAF39}"
EndProject
Project("{FAE04EC0-301F-11D3-BF4B-00C04F79EFBC}") = "Vartumyan.Wpf.MVVM.Core", "Vartumyan.Wpf.MVVM.Core\Vartumyan.Wpf.MVVM.Core.csproj", "{81608D17-3DD1-467A-BB7B-380E1EF473E5}"
EndProject
Project("{FAE04EC0-301F-11D3-BF4B-00C04F79EFBC}") = "Vartumyan.Wpf.MVVM", "Vartumyan.Wpf.MVVM\Vartumyan.Wpf.MVVM.csproj", "{DA7139A2-278F-44F9-9726-8159221D25ED}"
EndProject
Global
	GlobalSection(SolutionConfigurationPlatforms) = preSolution
		Debug|Any CPU = Debug|Any CPU
		Release|Any CPU = Release|Any CPU
	EndGlobalSection
	GlobalSection(ProjectConfigurationPlatforms) = postSolution
		{3E17ED15-E026-45EA-8E69-AA5F012BAF39}.Debug|Any CPU.ActiveCfg = Debug|Any CPU
		{3E17ED15-E026-45EA-8E69-AA5F012BAF39}.Debug|Any CPU.Build.0 = Debug|Any CPU
		{3E17ED15-E026-45EA-8E69-AA5F012BAF39}.Release|Any CPU.ActiveCfg = Release|Any CPU
		{3E17ED15-E026-45EA-8E69-AA5F012BAF39}.Release|Any CPU.Build.0 = Release|Any CPU
		{81608D17-3DD1-467A-BB7B-380E1EF473E5}.Debug|Any CPU.ActiveCfg = Debug|Any CPU
		{81608D17-3DD1-467A-BB7B-380E1EF473E5}.Debug|Any CPU.Build.0 = Debug|Any CPU
		{81608D17-3DD1-467A-BB7B-380E1EF473E5}.Release|Any CPU.ActiveCfg = Release|Any CPU
		{81608D17-3DD1-467A-BB7B-380E1EF473E5}.Release|Any CPU.Build.0 = Release|Any CPU
		{DA7139A2-278F-44F9-9726-8159221D25ED}.Debug|Any CPU.ActiveCfg = Debug|Any CPU
		{DA7139A2-278F-44F9-9726-8159221D25ED}.Debug|Any CPU.Build.0 = Debug|Any CPU
		{DA7139A2-278F-44F9-9726-8159221D25ED}.Release|Any CPU.ActiveCfg = Release|Any CPU
		{DA7139A2-278F-44F9-9726-8159221D25ED}.Release|Any CPU.Build.0 = Release|Any CPU
	EndGlobalSection
	GlobalSection(SolutionProperties) = preSolution
		HideSolutionNode = FALSE
	EndGlobalSection
	GlobalSection(ExtensibilityGlobals) = postSolution
		SolutionGuid = {C30DCE6E-267E-4B93-91B9-0CE0FB0F3662}
	EndGlobalSection
EndGlobal
